# THIS IS AN AUTOGENERATED FILE. DO NOT EDIT THIS FILE DIRECTLY.
# yarn lockfile v1


"@prisma/engines@4.4.0":
  "integrity" "sha512-Fpykccxlt9MHrAs/QpPGpI2nOiRxuLA+LiApgA59ibbf24YICZIMWd3SI2YD+q0IAIso0jCGiHhirAIbxK3RyQ=="
  "resolved" "https://registry.npmjs.org/@prisma/engines/-/engines-4.4.0.tgz"
  "version" "4.4.0"

"prisma@^4.4.0":
  "integrity" "sha512-l/QKLmLcKJQFuc+X02LyICo0NWTUVaNNZ00jKJBqwDyhwMAhboD1FWwYV50rkH4Wls0RviAJSFzkC2ZrfawpfA=="
  "resolved" "https://registry.npmjs.org/prisma/-/prisma-4.4.0.tgz"
  "version" "4.4.0"
  dependencies:
    "@prisma/engines" "4.4.0"

"typescipt@^1.0.0":
  "integrity" "sha512-Rgg7DtWh0c0oJPz2p48B0hlINIkE5zxU5i+dGctkoiKjIu6twl0HXWzoy+mvp9bQfLJGx70zYuN6GK0S/x5Kxw=="
  "resolved" "https://registry.npmjs.org/typescipt/-/typescipt-1.0.0.tgz"
  "version" "1.0.0"
